
Microsoft Visual Studio Solution File, Format Version 12.00
# Visual Studio Version 17
VisualStudioVersion = 17.9.34723.18
MinimumVisualStudioVersion = 10.0.40219.1
Project("{FAE04EC0-301F-11D3-BF4B-00C04F79EFBC}") = "gb", "gb\gb.csproj", "{262D5BCB-BAE5-4CC3-B9A6-A4780366CF9D}"
EndProject
Global
	GlobalSection(SolutionConfigurationPlatforms) = preSolution
		Debug|Any CPU = Debug|Any CPU
		Debug|ARM64 = Debug|ARM64
		Debug|x64 = Debug|x64
		Release|Any CPU = Release|Any CPU
		Release|ARM64 = Release|ARM64
		Release|x64 = Release|x64
	EndGlobalSection
	GlobalSection(ProjectConfigurationPlatforms) = postSolution
		{262D5BCB-BAE5-4CC3-B9A6-A4780366CF9D}.Debug|Any CPU.ActiveCfg = Debug|Any CPU
		{262D5BCB-BAE5-4CC3-B9A6-A4780366CF9D}.Debug|Any CPU.Build.0 = Debug|Any CPU
		{262D5BCB-BAE5-4CC3-B9A6-A4780366CF9D}.Debug|ARM64.ActiveCfg = Debug|ARM64
		{262D5BCB-BAE5-4CC3-B9A6-A4780366CF9D}.Debug|ARM64.Build.0 = Debug|ARM64
		{262D5BCB-BAE5-4CC3-B9A6-A4780366CF9D}.Debug|x64.ActiveCfg = Debug|x64
		{262D5BCB-BAE5-4CC3-B9A6-A4780366CF9D}.Debug|x64.Build.0 = Debug|x64
		{262D5BCB-BAE5-4CC3-B9A6-A4780366CF9D}.Release|Any CPU.ActiveCfg = Release|Any CPU
		{262D5BCB-BAE5-4CC3-B9A6-A4780366CF9D}.Release|Any CPU.Build.0 = Release|Any CPU
		{262D5BCB-BAE5-4CC3-B9A6-A4780366CF9D}.Release|ARM64.ActiveCfg = Release|ARM64
		{262D5BCB-BAE5-4CC3-B9A6-A4780366CF9D}.Release|ARM64.Build.0 = Release|ARM64
		{262D5BCB-BAE5-4CC3-B9A6-A4780366CF9D}.Release|x64.ActiveCfg = Release|x64
		{262D5BCB-BAE5-4CC3-B9A6-A4780366CF9D}.Release|x64.Build.0 = Release|x64
	EndGlobalSection
	GlobalSection(SolutionProperties) = preSolution
		HideSolutionNode = FALSE
	EndGlobalSection
	GlobalSection(ExtensibilityGlobals) = postSolution
		SolutionGuid = {0DD66733-47CC-418F-B603-446CB6CA3075}
	EndGlobalSection
EndGlobal
